// !$*UTF8*$!
{
	archiveVersion = 1;
	classes = {
	};
	objectVersion = 46;
	objects = {

/* Begin PBXBuildFile section */
		BF1912E91E51A24200AC90F1 /* main.cpp in Sources */ = {isa = PBXBuildFile; fileRef = BF1912E81E51A24200AC90F1 /* main.cpp */; };
		BF1912F41E51A39900AC90F1 /* Sha1.cpp in Sources */ = {isa = PBXBuildFile; fileRef = BF1912F21E51A39900AC90F1 /* Sha1.cpp */; };
		BF1912F71E51AFCA00AC90F1 /* libcurses.tbd in Frameworks */ = {isa = PBXBuildFile; fileRef = BF1912F61E51AFCA00AC90F1 /* libcurses.tbd */; };
		BF9B5C4C1E56B04800C99FE4 /* UserInputHandler.cpp in Sources */ = {isa = PBXBuildFile; fileRef = BF9B5C4B1E56B04800C99FE4 /* UserInputHandler.cpp */; };
		BF9B5C4F1E57B2CE00C99FE4 /* PromptMap.cpp in Sources */ = {isa = PBXBuildFile; fileRef = BF9B5C4E1E57B2CE00C99FE4 /* PromptMap.cpp */; };
		BFA2C9CF1EA7327100BACC2A /* UserSystemManager.cpp in Sources */ = {isa = PBXBuildFile; fileRef = BFA2C9CE1EA7327100BACC2A /* UserSystemManager.cpp */; };
		BFA7AD1F1E51BF8700A9684A /* TimedSignature.cpp in Sources */ = {isa = PBXBuildFile; fileRef = BFA7AD1D1E51BF8700A9684A /* TimedSignature.cpp */; };
		BFAFAA7D1E5263EC009D9D62 /* Timer.cpp in Sources */ = {isa = PBXBuildFile; fileRef = BFAFAA7C1E5263EC009D9D62 /* Timer.cpp */; };
/* End PBXBuildFile section */

/* Begin PBXCopyFilesBuildPhase section */
		BF1912E31E51A24200AC90F1 /* CopyFiles */ = {
			isa = PBXCopyFilesBuildPhase;
			buildActionMask = 2147483647;
			dstPath = /usr/share/man/man1/;
			dstSubfolderSpec = 0;
			files = (
			);
			runOnlyForDeploymentPostprocessing = 1;
		};
/* End PBXCopyFilesBuildPhase section */

/* Begin PBXFileReference section */
		BF1912E51E51A24200AC90F1 /* Signature_Password */ = {isa = PBXFileReference; explicitFileType = "compiled.mach-o.executable"; includeInIndex = 0; path = Signature_Password; sourceTree = BUILT_PRODUCTS_DIR; };
		BF1912E81E51A24200AC90F1 /* main.cpp */ = {isa = PBXFileReference; lastKnownFileType = sourcecode.cpp.cpp; path = main.cpp; sourceTree = "<group>"; };
		BF1912F11E51A37300AC90F1 /* Sha1.h */ = {isa = PBXFileReference; lastKnownFileType = sourcecode.c.h; path = Sha1.h; sourceTree = "<group>"; };
		BF1912F21E51A39900AC90F1 /* Sha1.cpp */ = {isa = PBXFileReference; fileEncoding = 4; lastKnownFileType = sourcecode.cpp.cpp; path = Sha1.cpp; sourceTree = "<group>"; };
		BF1912F61E51AFCA00AC90F1 /* libcurses.tbd */ = {isa = PBXFileReference; lastKnownFileType = "sourcecode.text-based-dylib-definition"; name = libcurses.tbd; path = usr/lib/libcurses.tbd; sourceTree = SDKROOT; };
		BF9B5C4A1E56AFCF00C99FE4 /* UserInputHandler.h */ = {isa = PBXFileReference; lastKnownFileType = sourcecode.c.h; path = UserInputHandler.h; sourceTree = "<group>"; };
		BF9B5C4B1E56B04800C99FE4 /* UserInputHandler.cpp */ = {isa = PBXFileReference; fileEncoding = 4; lastKnownFileType = sourcecode.cpp.cpp; path = UserInputHandler.cpp; sourceTree = "<group>"; };
		BF9B5C4D1E56B64E00C99FE4 /* PromptMap.h */ = {isa = PBXFileReference; lastKnownFileType = sourcecode.c.h; path = PromptMap.h; sourceTree = "<group>"; };
		BF9B5C4E1E57B2CE00C99FE4 /* PromptMap.cpp */ = {isa = PBXFileReference; fileEncoding = 4; lastKnownFileType = sourcecode.cpp.cpp; path = PromptMap.cpp; sourceTree = "<group>"; };
		BFA2C9CC1EA7300100BACC2A /* UserSystemManager.h */ = {isa = PBXFileReference; lastKnownFileType = sourcecode.c.h; path = UserSystemManager.h; sourceTree = "<group>"; };
		BFA2C9CD1EA730E800BACC2A /* Singleton.h */ = {isa = PBXFileReference; lastKnownFileType = sourcecode.c.h; path = Singleton.h; sourceTree = "<group>"; };
		BFA2C9CE1EA7327100BACC2A /* UserSystemManager.cpp */ = {isa = PBXFileReference; fileEncoding = 4; lastKnownFileType = sourcecode.cpp.cpp; path = UserSystemManager.cpp; sourceTree = "<group>"; };
		BFA7AD1C1E51BF7600A9684A /* TimedSignature.h */ = {isa = PBXFileReference; lastKnownFileType = sourcecode.c.h; path = TimedSignature.h; sourceTree = "<group>"; };
		BFA7AD1D1E51BF8700A9684A /* TimedSignature.cpp */ = {isa = PBXFileReference; fileEncoding = 4; lastKnownFileType = sourcecode.cpp.cpp; path = TimedSignature.cpp; sourceTree = "<group>"; };
		BFAFAA7B1E5263CB009D9D62 /* Timer.h */ = {isa = PBXFileReference; lastKnownFileType = sourcecode.c.h; path = Timer.h; sourceTree = "<group>"; };
		BFAFAA7C1E5263EC009D9D62 /* Timer.cpp */ = {isa = PBXFileReference; fileEncoding = 4; lastKnownFileType = sourcecode.cpp.cpp; path = Timer.cpp; sourceTree = "<group>"; };
		BFC50F311E5C114E00CE9869 /* UserAuthenticationData.h */ = {isa = PBXFileReference; lastKnownFileType = sourcecode.c.h; path = UserAuthenticationData.h; sourceTree = "<group>"; };
/* End PBXFileReference section */

/* Begin PBXFrameworksBuildPhase section */
		BF1912E21E51A24200AC90F1 /* Frameworks */ = {
			isa = PBXFrameworksBuildPhase;
			buildActionMask = 2147483647;
			files = (
				BF1912F71E51AFCA00AC90F1 /* libcurses.tbd in Frameworks */,
			);
			runOnlyForDeploymentPostprocessing = 0;
		};
/* End PBXFrameworksBuildPhase section */

/* Begin PBXGroup section */
		BF1912DC1E51A24200AC90F1 = {
			isa = PBXGroup;
			children = (
				BF1912E71E51A24200AC90F1 /* Signature_Password */,
				BF1912E61E51A24200AC90F1 /* Products */,
				BF1912F51E51AFCA00AC90F1 /* Frameworks */,
			);
			sourceTree = "<group>";
		};
		BF1912E61E51A24200AC90F1 /* Products */ = {
			isa = PBXGroup;
			children = (
				BF1912E51E51A24200AC90F1 /* Signature_Password */,
			);
			name = Products;
			sourceTree = "<group>";
		};
		BF1912E71E51A24200AC90F1 /* Signature_Password */ = {
			isa = PBXGroup;
			children = (
				BF1912F01E51A35400AC90F1 /* Implementation */,
				BF1912EF1E51A34D00AC90F1 /* Headers */,
				BF1912E81E51A24200AC90F1 /* main.cpp */,
			);
			path = Signature_Password;
			sourceTree = "<group>";
		};
		BF1912EF1E51A34D00AC90F1 /* Headers */ = {
			isa = PBXGroup;
			children = (
				BF1912F11E51A37300AC90F1 /* Sha1.h */,
				BFA7AD1C1E51BF7600A9684A /* TimedSignature.h */,
				BFAFAA7B1E5263CB009D9D62 /* Timer.h */,
				BF9B5C4A1E56AFCF00C99FE4 /* UserInputHandler.h */,
				BF9B5C4D1E56B64E00C99FE4 /* PromptMap.h */,
				BFC50F311E5C114E00CE9869 /* UserAuthenticationData.h */,
				BFA2C9CC1EA7300100BACC2A /* UserSystemManager.h */,
				BFA2C9CD1EA730E800BACC2A /* Singleton.h */,
			);
			name = Headers;
			sourceTree = "<group>";
		};
		BF1912F01E51A35400AC90F1 /* Implementation */ = {
			isa = PBXGroup;
			children = (
				BF1912F21E51A39900AC90F1 /* Sha1.cpp */,
				BFA7AD1D1E51BF8700A9684A /* TimedSignature.cpp */,
				BFAFAA7C1E5263EC009D9D62 /* Timer.cpp */,
				BF9B5C4B1E56B04800C99FE4 /* UserInputHandler.cpp */,
				BF9B5C4E1E57B2CE00C99FE4 /* PromptMap.cpp */,
				BFA2C9CE1EA7327100BACC2A /* UserSystemManager.cpp */,
			);
			name = Implementation;
			sourceTree = "<group>";
		};
		BF1912F51E51AFCA00AC90F1 /* Frameworks */ = {
			isa = PBXGroup;
			children = (
				BF1912F61E51AFCA00AC90F1 /* libcurses.tbd */,
			);
			name = Frameworks;
			sourceTree = "<group>";
		};
/* End PBXGroup section */

/* Begin PBXNativeTarget section */
		BF1912E41E51A24200AC90F1 /* Signature_Password */ = {
			isa = PBXNativeTarget;
			buildConfigurationList = BF1912EC1E51A24200AC90F1 /* Build configuration list for PBXNativeTarget "Signature_Password" */;
			buildPhases = (
				BF1912E11E51A24200AC90F1 /* Sources */,
				BF1912E21E51A24200AC90F1 /* Frameworks */,
				BF1912E31E51A24200AC90F1 /* CopyFiles */,
			);
			buildRules = (
			);
			dependencies = (
			);
			name = Signature_Password;
			productName = Signature_Password;
			productReference = BF1912E51E51A24200AC90F1 /* Signature_Password */;
			productType = "com.apple.product-type.tool";
		};
/* End PBXNativeTarget section */

/* Begin PBXProject section */
		BF1912DD1E51A24200AC90F1 /* Project object */ = {
			isa = PBXProject;
			attributes = {
				LastUpgradeCheck = 0820;
				ORGANIZATIONNAME = "luke anfang";
				TargetAttributes = {
					BF1912E41E51A24200AC90F1 = {
						CreatedOnToolsVersion = 8.2.1;
						ProvisioningStyle = Automatic;
					};
				};
			};
			buildConfigurationList = BF1912E01E51A24200AC90F1 /* Build configuration list for PBXProject "Signature_Password" */;
			compatibilityVersion = "Xcode 3.2";
			developmentRegion = English;
			hasScannedForEncodings = 0;
			knownRegions = (
				en,
			);
			mainGroup = BF1912DC1E51A24200AC90F1;
			productRefGroup = BF1912E61E51A24200AC90F1 /* Products */;
			projectDirPath = "";
			projectRoot = "";
			targets = (
				BF1912E41E51A24200AC90F1 /* Signature_Password */,
			);
		};
/* End PBXProject section */

/* Begin PBXSourcesBuildPhase section */
		BF1912E11E51A24200AC90F1 /* Sources */ = {
			isa = PBXSourcesBuildPhase;
			buildActionMask = 2147483647;
			files = (
				BF1912F41E51A39900AC90F1 /* Sha1.cpp in Sources */,
				BF9B5C4C1E56B04800C99FE4 /* UserInputHandler.cpp in Sources */,
				BFA7AD1F1E51BF8700A9684A /* TimedSignature.cpp in Sources */,
				BF1912E91E51A24200AC90F1 /* main.cpp in Sources */,
				BF9B5C4F1E57B2CE00C99FE4 /* PromptMap.cpp in Sources */,
				BFA2C9CF1EA7327100BACC2A /* UserSystemManager.cpp in Sources */,
				BFAFAA7D1E5263EC009D9D62 /* Timer.cpp in Sources */,
			);
			runOnlyForDeploymentPostprocessing = 0;
		};
/* End PBXSourcesBuildPhase section */

/* Begin XCBuildConfiguration section */
		BF1912EA1E51A24200AC90F1 /* Debug */ = {
			isa = XCBuildConfiguration;
			buildSettings = {
				ALWAYS_SEARCH_USER_PATHS = NO;
				CLANG_ANALYZER_NONNULL = YES;
				CLANG_CXX_LANGUAGE_STANDARD = "gnu++0x";
				CLANG_CXX_LIBRARY = "libc++";
				CLANG_ENABLE_MODULES = YES;
				CLANG_ENABLE_OBJC_ARC = YES;
				CLANG_WARN_BOOL_CONVERSION = YES;
				CLANG_WARN_CONSTANT_CONVERSION = YES;
				CLANG_WARN_DIRECT_OBJC_ISA_USAGE = YES_ERROR;
				CLANG_WARN_DOCUMENTATION_COMMENTS = YES;
				CLANG_WARN_EMPTY_BODY = YES;
				CLANG_WARN_ENUM_CONVERSION = YES;
				CLANG_WARN_INFINITE_RECURSION = YES;
				CLANG_WARN_INT_CONVERSION = YES;
				CLANG_WARN_OBJC_ROOT_CLASS = YES_ERROR;
				CLANG_WARN_SUSPICIOUS_MOVE = YES;
				CLANG_WARN_UNREACHABLE_CODE = YES;
				CLANG_WARN__DUPLICATE_METHOD_MATCH = YES;
				CODE_SIGN_IDENTITY = "-";
				COPY_PHASE_STRIP = NO;
				DEBUG_INFORMATION_FORMAT = dwarf;
				ENABLE_STRICT_OBJC_MSGSEND = YES;
				ENABLE_TESTABILITY = YES;
				GCC_C_LANGUAGE_STANDARD = gnu99;
				GCC_DYNAMIC_NO_PIC = NO;
				GCC_NO_COMMON_BLOCKS = YES;
				GCC_OPTIMIZATION_LEVEL = 0;
				GCC_PREPROCESSOR_DEFINITIONS = (
					"DEBUG=1",
					"$(inherited)",
				);
				GCC_WARN_64_TO_32_BIT_CONVERSION = YES;
				GCC_WARN_ABOUT_RETURN_TYPE = YES_ERROR;
				GCC_WARN_UNDECLARED_SELECTOR = YES;
				GCC_WARN_UNINITIALIZED_AUTOS = YES_AGGRESSIVE;
				GCC_WARN_UNUSED_FUNCTION = YES;
				GCC_WARN_UNUSED_VARIABLE = YES;
				MACOSX_DEPLOYMENT_TARGET = 10.12;
				MTL_ENABLE_DEBUG_INFO = YES;
				ONLY_ACTIVE_ARCH = YES;
				SDKROOT = macosx;
			};
			name = Debug;
		};
		BF1912EB1E51A24200AC90F1 /* Release */ = {
			isa = XCBuildConfiguration;
			buildSettings = {
				ALWAYS_SEARCH_USER_PATHS = NO;
				CLANG_ANALYZER_NONNULL = YES;
				CLANG_CXX_LANGUAGE_STANDARD = "gnu++0x";
				CLANG_CXX_LIBRARY = "libc++";
				CLANG_ENABLE_MODULES = YES;
				CLANG_ENABLE_OBJC_ARC = YES;
				CLANG_WARN_BOOL_CONVERSION = YES;
				CLANG_WARN_CONSTANT_CONVERSION = YES;
				CLANG_WARN_DIRECT_OBJC_ISA_USAGE = YES_ERROR;
				CLANG_WARN_DOCUMENTATION_COMMENTS = YES;
				CLANG_WARN_EMPTY_BODY = YES;
				CLANG_WARN_ENUM_CONVERSION = YES;
				CLANG_WARN_INFINITE_RECURSION = YES;
				CLANG_WARN_INT_CONVERSION = YES;
				CLANG_WARN_OBJC_ROOT_CLASS = YES_ERROR;
				CLANG_WARN_SUSPICIOUS_MOVE = YES;
				CLANG_WARN_UNREACHABLE_CODE = YES;
				CLANG_WARN__DUPLICATE_METHOD_MATCH = YES;
				CODE_SIGN_IDENTITY = "-";
				COPY_PHASE_STRIP = NO;
				DEBUG_INFORMATION_FORMAT = "dwarf-with-dsym";
				ENABLE_NS_ASSERTIONS = NO;
				ENABLE_STRICT_OBJC_MSGSEND = YES;
				GCC_C_LANGUAGE_STANDARD = gnu99;
				GCC_NO_COMMON_BLOCKS = YES;
				GCC_WARN_64_TO_32_BIT_CONVERSION = YES;
				GCC_WARN_ABOUT_RETURN_TYPE = YES_ERROR;
				GCC_WARN_UNDECLARED_SELECTOR = YES;
				GCC_WARN_UNINITIALIZED_AUTOS = YES_AGGRESSIVE;
				GCC_WARN_UNUSED_FUNCTION = YES;
				GCC_WARN_UNUSED_VARIABLE = YES;
				MACOSX_DEPLOYMENT_TARGET = 10.12;
				MTL_ENABLE_DEBUG_INFO = NO;
				SDKROOT = macosx;
			};
			name = Release;
		};
		BF1912ED1E51A24200AC90F1 /* Debug */ = {
			isa = XCBuildConfiguration;
			buildSettings = {
				PRODUCT_NAME = "$(TARGET_NAME)";
			};
			name = Debug;
		};
		BF1912EE1E51A24200AC90F1 /* Release */ = {
			isa = XCBuildConfiguration;
			buildSettings = {
				PRODUCT_NAME = "$(TARGET_NAME)";
			};
			name = Release;
		};
/* End XCBuildConfiguration section */

/* Begin XCConfigurationList section */
		BF1912E01E51A24200AC90F1 /* Build configuration list for PBXProject "Signature_Password" */ = {
			isa = XCConfigurationList;
			buildConfigurations = (
				BF1912EA1E51A24200AC90F1 /* Debug */,
				BF1912EB1E51A24200AC90F1 /* Release */,
			);
			defaultConfigurationIsVisible = 0;
			defaultConfigurationName = Release;
		};
		BF1912EC1E51A24200AC90F1 /* Build configuration list for PBXNativeTarget "Signature_Password" */ = {
			isa = XCConfigurationList;
			buildConfigurations = (
				BF1912ED1E51A24200AC90F1 /* Debug */,
				BF1912EE1E51A24200AC90F1 /* Release */,
			);
			defaultConfigurationIsVisible = 0;
			defaultConfigurationName = Release;
		};
/* End XCConfigurationList section */
	};
	rootObject = BF1912DD1E51A24200AC90F1 /* Project object */;
}
